
Microsoft Visual Studio Solution File, Format Version 12.00
# Visual Studio 15
VisualStudioVersion = 15.0.28307.271
MinimumVisualStudioVersion = 10.0.40219.1
Project("{FAE04EC0-301F-11D3-BF4B-00C04F79EFBC}") = "PLLUG", "PLLUG\PLLUG.csproj", "{EBF70AB8-1E82-426A-9B81-6A947980A8E8}"
EndProject
Global
	GlobalSection(SolutionConfigurationPlatforms) = preSolution
		Debug|Any CPU = Debug|Any CPU
		Release|Any CPU = Release|Any CPU
	EndGlobalSection
	GlobalSection(ProjectConfigurationPlatforms) = postSolution
		{EBF70AB8-1E82-426A-9B81-6A947980A8E8}.Debug|Any CPU.ActiveCfg = Debug|Any CPU
		{EBF70AB8-1E82-426A-9B81-6A947980A8E8}.Debug|Any CPU.Build.0 = Debug|Any CPU
		{EBF70AB8-1E82-426A-9B81-6A947980A8E8}.Release|Any CPU.ActiveCfg = Release|Any CPU
		{EBF70AB8-1E82-426A-9B81-6A947980A8E8}.Release|Any CPU.Build.0 = Release|Any CPU
	EndGlobalSection
	GlobalSection(SolutionProperties) = preSolution
		HideSolutionNode = FALSE
	EndGlobalSection
	GlobalSection(ExtensibilityGlobals) = postSolution
		SolutionGuid = {A3AD57B3-337D-4244-93B8-D7781769FE80}
	EndGlobalSection
EndGlobal
